# THIS IS AN AUTOGENERATED FILE. DO NOT EDIT THIS FILE DIRECTLY.
# yarn lockfile v1


"@eslint/eslintrc@^1.2.0":
  version "1.2.0"
  resolved "https://registry.npmjs.org/@eslint/eslintrc/-/eslintrc-1.2.0.tgz"
  integrity sha512-igm9SjJHNEJRiUnecP/1R5T3wKLEJ7pL6e2P+GUSfCd0dGjPYYZve08uzw8L2J8foVHFz+NGu12JxRcU2gGo6w==
  dependencies:
    ajv "^6.12.4"
    debug "^4.3.2"
    espree "^9.3.1"
    globals "^13.9.0"
    ignore "^4.0.6"
    import-fresh "^3.2.1"
    js-yaml "^4.1.0"
    minimatch "^3.0.4"
    strip-json-comments "^3.1.1"

"@humanwhocodes/config-array@^0.9.2":
  version "0.9.5"
  resolved "https://registry.npmjs.org/@humanwhocodes/config-array/-/config-array-0.9.5.tgz"
  integrity sha512-ObyMyWxZiCu/yTisA7uzx81s40xR2fD5Cg/2Kq7G02ajkNubJf6BopgDTmDyc3U7sXpNKM8cYOw7s7Tyr+DnCw==
  dependencies:
    "@humanwhocodes/object-schema" "^1.2.1"
    debug "^4.1.1"
    minimatch "^3.0.4"

"@humanwhocodes/object-schema@^1.2.1":
  version "1.2.1"
  resolved "https://registry.npmjs.org/@humanwhocodes/object-schema/-/object-schema-1.2.1.tgz"
  integrity sha512-ZnQMnLV4e7hDlUvw8H+U8ASL02SS2Gn6+9Ac3wGGLIe7+je2AeAOxPY+izIPJDfFDb7eDjev0Us8MO1iFRN8hA==

"@nodelib/fs.scandir@2.1.5":
  version "2.1.5"
  resolved "https://registry.npmjs.org/@nodelib/fs.scandir/-/fs.scandir-2.1.5.tgz"
  integrity sha512-vq24Bq3ym5HEQm2NKCr3yXDwjc7vTsEThRDnkp2DK9p1uqLR+DHurm/NOTo0KG7HYHU7eppKZj3MyqYuMBf62g==
  dependencies:
    "@nodelib/fs.stat" "2.0.5"
    run-parallel "^1.1.9"

"@nodelib/fs.stat@2.0.5", "@nodelib/fs.stat@^2.0.2":
  version "2.0.5"
  resolved "https://registry.npmjs.org/@nodelib/fs.stat/-/fs.stat-2.0.5.tgz"
  integrity sha512-RkhPPp2zrqDAQA/2jNhnztcPAlv64XdhIp7a7454A5ovI7Bukxgt7MX7udwAu3zg1DcpPU0rz3VV1SeaqvY4+A==

"@nodelib/fs.walk@^1.2.3":
  version "1.2.8"
  resolved "https://registry.npmjs.org/@nodelib/fs.walk/-/fs.walk-1.2.8.tgz"
  integrity sha512-oGB+UxlgWcgQkgwo8GcEGwemoTFt3FIO9ababBmaGwXIoBKZ+GTy0pP185beGg7Llih/NSHSV2XAs1lnznocSg==
  dependencies:
    "@nodelib/fs.scandir" "2.1.5"
    fastq "^1.6.0"

"@pixi/app@^6.3.0":
  version "6.3.0"
  resolved "https://registry.yarnpkg.com/@pixi/app/-/app-6.3.0.tgz#9d8cb89e01b8a92c20700aa7d289e7ebc3f59be6"
  integrity sha512-Ud+D/VkGFCx9Z+i0OXDzXqT3zNrUJ9f3sZuoACz1VVD6nnSq+wBZPnyoOOsgfiMYo/0KYVJh+EdBKZS8aYnnVQ==

"@pixi/basis@^6.3.0":
  version "6.3.0"
  resolved "https://registry.yarnpkg.com/@pixi/basis/-/basis-6.3.0.tgz#09afb9b2f5cdd453ec550859aa34cc042e515d00"
  integrity sha512-vSZSJUFj8fHwdU7pKcHlxZNQN92CEj1G6FiWhuoEGzIGKg00BTkJ4EapiimfauA7BCF6wqJpYjNSGAtYCdPzgw==

"@pixi/canvas-display@^6.3.0":
  version "6.3.0"
  resolved "https://registry.yarnpkg.com/@pixi/canvas-display/-/canvas-display-6.3.0.tgz#41fea0e555cfd39ee7a7fb4f205471fc190acd63"
  integrity sha512-M47bfxT9Imt68rz6VGfFSr1+LwiZRr0n9Ro40na4XsPHgTSG+dmkCA5fz6oSjQ2Z4VNv/jl4ehIlABWMJBu58A==

"@pixi/canvas-extract@^6.3.0":
  version "6.3.0"
  resolved "https://registry.yarnpkg.com/@pixi/canvas-extract/-/canvas-extract-6.3.0.tgz#c9d0e471c103bfe3b0be174a4d041c73aef28fa2"
  integrity sha512-+QQd8yTE83IUPcuEQKvtQi0hS3l8W6VP0UfdD2zhIAi/i17lZw+omWZ86Lifhj1RIE2OUIGNSvansIUrGyD2uA==

"@pixi/canvas-renderer@^6.3.0":
  version "6.3.0"
  resolved "https://registry.yarnpkg.com/@pixi/canvas-renderer/-/canvas-renderer-6.3.0.tgz#54e2cc71fff5a3072dc68e67516524c6c8aa05ed"
  integrity sha512-i/qAm7E8Wti4OFcOtU5PP2/w1YZcLspfg0zW2z6fUAFZfCgNrh5DdhLT04JY9wpgz990vg0NI1wjPPh1jHDjIA==

"@pixi/constants@^6.3.0":
  version "6.3.0"
  resolved "https://registry.yarnpkg.com/@pixi/constants/-/constants-6.3.0.tgz#c900b875ee132d7061af4c1ab53c060faec1a504"
  integrity sha512-295/bb0+5IugA9plqBnD6xrvApjgGRdaNJ6EryCa7UB2j8wt4YtuzLjNeaCtng9eJONgJXXPhPF85+spdWRMbg==

"@pixi/core@^6.3.0":
  version "6.3.0"
  resolved "https://registry.yarnpkg.com/@pixi/core/-/core-6.3.0.tgz#f0eeb6804f811f7de59e32130590f82c4b930745"
  integrity sha512-j7UMizcgDoUB9eDrZIP22xJCPYpjx2/BCl8deE5M9Cim9OR2qPxnNnt3jC1oKf2vVnNMTDrMOLekhMVo89FX2Q==
  dependencies:
    "@types/offscreencanvas" "^2019.6.4"

"@pixi/display@^6.3.0":
  version "6.3.0"
  resolved "https://registry.yarnpkg.com/@pixi/display/-/display-6.3.0.tgz#82781587c928ac49ea24dbc675781e885d3c4a08"
  integrity sha512-Uxc1aLTFzV55d3kOlh/g19RlE2okPXsroi5jfYGCNS0VCdFk0sp6jMNEwk12BwC0KcA5SU7217H4jLy38VCVpA==

"@pixi/events@^6.3.0":
  version "6.3.0"
  resolved "https://registry.yarnpkg.com/@pixi/events/-/events-6.3.0.tgz#56d5de336f9d4debdd1ec85de4c5761aff0cc3de"
  integrity sha512-Cjg5fHS2jbYTGg+jYMMU2ql0WpVWol/FWRQAde6ELXxNq+R6kz7/HDal2dYH52wu541PR6ZSaAASzB2wrIzZ4g==

"@pixi/extract@^6.3.0":
  version "6.3.0"
  resolved "https://registry.yarnpkg.com/@pixi/extract/-/extract-6.3.0.tgz#ee1f4eaa933e98c2c54930bb0c1b3f3935e4b1ad"
  integrity sha512-p5d3Jx0hoIQZsn1msIOyYCzyRjVkfiDUNkuzpLmNo9zng7C6bwqmIZWEMr5alm7+XwqKHlQdsBuK9PeUJt9fGQ==

"@pixi/filter-adjustment@^4.1.3":
  version "4.1.3"
  resolved "https://registry.npmjs.org/@pixi/filter-adjustment/-/filter-adjustment-4.1.3.tgz"
  integrity sha512-W+NhPiZRYKoRToa5+tkU95eOw8gnS5dfIp3ZP+pLv2mdER9RI+4xHxp1uLHMqUYZViTaMdZIIoVOuCgHFPYCbQ==

"@pixi/filter-alpha@^6.3.0":
  version "6.3.0"
  resolved "https://registry.yarnpkg.com/@pixi/filter-alpha/-/filter-alpha-6.3.0.tgz#3585bfe8a215fb13f56352d34dee2243fd8651ad"
  integrity sha512-FyO35T2ym7R/rxaQzz3+dfpMlNn7b4XCFebD7hAgYoLqb+/vaM32ZjjoKBxxFRFqpZxBO6BObCyJQd245h+P4A==

"@pixi/filter-color-matrix@^6.3.0":
  version "6.3.0"
  resolved "https://registry.yarnpkg.com/@pixi/filter-color-matrix/-/filter-color-matrix-6.3.0.tgz#bf6795960c4c1b608bf92c5f513b5e60b1888754"
  integrity sha512-9qKrRiaeINap7BgolI3GZ5RaRgYNx0pK8iyrn7vWcuQAxR/lPM+rfgWQPagjXdU9NbnbnfZj0LNOmgFqtWsZTQ==

"@pixi/graphics-extras@^6.3.0":
  version "6.3.0"
  resolved "https://registry.yarnpkg.com/@pixi/graphics-extras/-/graphics-extras-6.3.0.tgz#940319377b8ec17acaeae370a0b9010fb2988a59"
  integrity sha512-XsRZSRY4Jyhlc2Df6is43OfSBPwICXceczSeOcWx7juRQ8rwGVZLfaKEgBQtTs4++MOBTTIY8BrXqJ0yJOaS1w==

"@pixi/graphics@^6.3.0":
  version "6.3.0"
  resolved "https://registry.yarnpkg.com/@pixi/graphics/-/graphics-6.3.0.tgz#50e758385b7704d0a068db189a20f0244f5fd68d"
  integrity sha512-cnce8ddZSRgVuwK3hdWjEgf9WJljEXlJp+tOIEYvmNYnkvfaRpdeVRpF5yd+A24ZswrVRU9W/W7cXCMw2uq/vQ==

"@pixi/interaction@^6.3.0":
  version "6.3.0"
  resolved "https://registry.yarnpkg.com/@pixi/interaction/-/interaction-6.3.0.tgz#2329eae55884bf380a4c5443b29631a1fba6f283"
  integrity sha512-ZAgYJPnpQS07r69o6Mgn4SxurY+t05EWblC8bpVssQ/k2yU3xeWAKNV/Hk39AKrM5S+PBU9YyGX//jM+3gt8rQ==

"@pixi/loaders@^6.3.0":
  version "6.3.0"
  resolved "https://registry.yarnpkg.com/@pixi/loaders/-/loaders-6.3.0.tgz#82441d1f664c489a754db7d2deb68bccdf97f4d6"
  integrity sha512-FXW3DkcAg2w0FABS6ixmzJNQSdabHXWumltelYM76NmBSE8oaLmg6tniBvjrTlSxUs3HlgwdeqgnUHV9GIFxLQ==

"@pixi/math-extras@^6.3.0":
  version "6.3.0"
  resolved "https://registry.yarnpkg.com/@pixi/math-extras/-/math-extras-6.3.0.tgz#ff528e873d7e43648a3e669419577ced36e35b3f"
  integrity sha512-T3/GWAEVnxZEpFTxxY08zJ02BLcoiso9Goo/oxtp1TC0LT6mzPlMfBputWUUQFfb1BMktfAJuviAk8YZK3lnHg==

"@pixi/math@^6.3.0":
  version "6.3.0"
  resolved "https://registry.yarnpkg.com/@pixi/math/-/math-6.3.0.tgz#2df6a27a8a73e1976ebbe90b01dfeab999b17bdb"
  integrity sha512-QkF9wl3/kXvthwWhrDAVgWQWl3T9dbyicHsoWfx0s9b3E0rx+PZcpz5ftaAVxGd7EvecIxV9nEUnna9TIjvwJQ==

"@pixi/mixin-cache-as-bitmap@^6.3.0":
  version "6.3.0"
  resolved "https://registry.yarnpkg.com/@pixi/mixin-cache-as-bitmap/-/mixin-cache-as-bitmap-6.3.0.tgz#02d8422d2345f941c68bfe33f186537cce521c62"
  integrity sha512-KIbclUCTv6J2ERIX8LM0PaGezKqfmDbR8X/68irbwsYU3fRtsFb9X4IHttguiItYK8C6syyepEyIRbWB/poc6Q==

"@pixi/mixin-get-child-by-name@^6.3.0":
  version "6.3.0"
  resolved "https://registry.yarnpkg.com/@pixi/mixin-get-child-by-name/-/mixin-get-child-by-name-6.3.0.tgz#5e58d496d2ecd79b98b566901eec74b3b3119c69"
  integrity sha512-R1nh985Fffo0HG3gmbbsBgbR0obGdjkVb31V9gUFileydY8u1jVA4sL1uzOfBbHAjDE+HFOO1wC1p6ygalUrkQ==

"@pixi/mixin-get-global-position@^6.3.0":
  version "6.3.0"
  resolved "https://registry.yarnpkg.com/@pixi/mixin-get-global-position/-/mixin-get-global-position-6.3.0.tgz#ba02920c45ea3284b5c58371d9e5e32c61312c05"
  integrity sha512-hDzLubpLSRH6hp+mn8mpONZeMcMc75ndkz6WROXI0gfoUkFdzxHStGBSk4VJRgtSj1zzOgmEqo7LP/y2blgYlw==

"@pixi/polyfill@^6.3.0":
  version "6.3.0"
  resolved "https://registry.yarnpkg.com/@pixi/polyfill/-/polyfill-6.3.0.tgz#4b8862c4c6ce589a21abfafa174acbfcee631d2c"
  integrity sha512-sjOLw0yndRipWOW3ykkCej5+VMZRBmnd32kUXXum9kgceSeL0w+iRPZrfvaFmgypqGnGpqwg24MsZ3vtIffd9g==
  dependencies:
    object-assign "^4.1.1"
    promise-polyfill "^8.2.0"

"@pixi/runner@^6.3.0":
  version "6.3.0"
  resolved "https://registry.yarnpkg.com/@pixi/runner/-/runner-6.3.0.tgz#e300c0865825fa736376801b57485d3d1d6f5fb8"
  integrity sha512-dG0YK/59dMay1pBD3sXYWtyDQ1gjRY8QCI38b+wQiH9oFMNFtj/f/RxkL1XyaK0r7sC8TjXUiQ+7+lZlmcqIjw==

"@pixi/settings@^6.3.0":
  version "6.3.0"
  resolved "https://registry.yarnpkg.com/@pixi/settings/-/settings-6.3.0.tgz#1207fdb65fa1cf305e34a97fdffb47004bb8e5f5"
  integrity sha512-UkbZmlexr6NGM6Qz30Et63bpWAmpmkknOOnavrhWPnnbhFIx4kVzU9mvGMHGSGNLJabX9+gFUdjDGSlzF42v4w==
  dependencies:
    ismobilejs "^1.1.0"

"@pixi/sprite-tiling@^6.3.0":
  version "6.3.0"
  resolved "https://registry.yarnpkg.com/@pixi/sprite-tiling/-/sprite-tiling-6.3.0.tgz#75d0db26c471eaa6ca5c378c787de570486371d1"
  integrity sha512-4+HodD9QwhiqIptBpT3rXuJDAJ5TSg2IRnHOo/+qSopA70VC1E+RRgyVvxfRfopfptcAHi60XWfzvFLHSV3LsA==

"@pixi/sprite@^6.3.0":
  version "6.3.0"
  resolved "https://registry.yarnpkg.com/@pixi/sprite/-/sprite-6.3.0.tgz#8441400c001403250cd5bb21d456735373172532"
  integrity sha512-dv0CSkxjWZeUujYQ6NorJ5Cue6SL+RE/H739JK4+cAwEtoWpYqKqiw6aeUu4aqSRsqjhyk9ilhR+K1MbnImJKA==

"@pixi/spritesheet@^6.3.0":
  version "6.3.0"
  resolved "https://registry.yarnpkg.com/@pixi/spritesheet/-/spritesheet-6.3.0.tgz#d3047938f6ab3d93f69ff535f71fbc39ee86bd3e"
  integrity sha512-TAIIVA2KFJk7lKB4Ggep99bxpkSjnYlODuLEZ9EoJ6QIEx9A1HesaKwwqzfneeCzX5BOBeJMgZ++rujE29rrpg==

"@pixi/text@^6.3.0":
  version "6.3.0"
  resolved "https://registry.yarnpkg.com/@pixi/text/-/text-6.3.0.tgz#f39b3aa2567de42f3d4266c276f5abb0529dbb23"
  integrity sha512-hDevLv8HztzdImA6sIvmpBpNoIyDCrMNJAdjTUo/Kw1aoKlDaOGx4K3J7wVTzV1d1WrreIXtOsO3rQUOzf/hmg==

"@pixi/ticker@^6.3.0":
  version "6.3.0"
  resolved "https://registry.yarnpkg.com/@pixi/ticker/-/ticker-6.3.0.tgz#0438efd9abbd74eab59be7361bac47553c25e4cb"
  integrity sha512-cEqyQgM5entsi+h85fUnESBzNc/yMRG/mqsfAr7/KraP7bmCcn3MYVuTycRMkRbuNPjC1NIpqkqiOaxzgAUGPw==

"@pixi/tilemap@^3.2.2":
  version "3.2.2"
  resolved "https://registry.npmjs.org/@pixi/tilemap/-/tilemap-3.2.2.tgz"
  integrity sha512-svdmMyJP63vdae3t66tCmE8IWeO/6lD1xXU+5gzfxqxJS5seTp2bm8mQok2c8PF0O6l/NYlLz6BRklOuEuHboQ==

"@pixi/utils@^6.3.0":
  version "6.3.0"
  resolved "https://registry.yarnpkg.com/@pixi/utils/-/utils-6.3.0.tgz#74703e1593b3f7462165adcfaf41c62ce303829c"
  integrity sha512-QI5wb/fDdH8DAzIMlrYS0MhG382FPMLh4s3yRtOaftiOb84LL7Syz//SC+CJAyVB0UV/Lpr+T6PiCa4eBjRDgA==
  dependencies:
    "@types/earcut" "^2.1.0"
    earcut "^2.2.2"
    eventemitter3 "^3.1.0"
    url "^0.11.0"

"@types/earcut@^2.1.0":
  version "2.1.1"
  resolved "https://registry.yarnpkg.com/@types/earcut/-/earcut-2.1.1.tgz#573a0af609f17005c751f6f4ffec49cfe358ea51"
  integrity sha512-w8oigUCDjElRHRRrMvn/spybSMyX8MTkKA5Dv+tS1IE/TgmNZPqUYtvYBXGY8cieSE66gm+szeK+bnbxC2xHTQ==

"@types/json-schema@^7.0.9":
  version "7.0.9"
  resolved "https://registry.npmjs.org/@types/json-schema/-/json-schema-7.0.9.tgz"
  integrity sha512-qcUXuemtEu+E5wZSJHNxUXeCZhAfXKQ41D+duX+VYPde7xyEVZci+/oXKJL13tnRs9lR2pr4fod59GT6/X1/yQ==

"@types/offscreencanvas@^2019.6.4":
  version "2019.6.4"
  resolved "https://registry.yarnpkg.com/@types/offscreencanvas/-/offscreencanvas-2019.6.4.tgz#64f6d120b53925028299c744fcdd32d2cd525963"
  integrity sha512-u8SAgdZ8ROtkTF+mfZGOscl0or6BSj9A4g37e6nvxDc+YB/oDut0wHkK2PBBiC2bNR8TS0CPV+1gAk4fNisr1Q==

"@types/pako@^1.0.3":
  version "1.0.3"
  resolved "https://registry.npmjs.org/@types/pako/-/pako-1.0.3.tgz"
  integrity sha512-EDxOsHAD5dqjbjEUM1xwa7rpKPFb8ECBE5irONTQU7/OsO3thI5YrNEWSPNMvYmvFM0l/OLQJ6Mgw7PEdXSjhg==

"@typescript-eslint/eslint-plugin@^5.13.0":
  version "5.13.0"
  resolved "https://registry.npmjs.org/@typescript-eslint/eslint-plugin/-/eslint-plugin-5.13.0.tgz"
  integrity sha512-vLktb2Uec81fxm/cfz2Hd6QaWOs8qdmVAZXLdOBX6JFJDhf6oDZpMzZ4/LZ6SFM/5DgDcxIMIvy3F+O9yZBuiQ==
  dependencies:
    "@typescript-eslint/scope-manager" "5.13.0"
    "@typescript-eslint/type-utils" "5.13.0"
    "@typescript-eslint/utils" "5.13.0"
    debug "^4.3.2"
    functional-red-black-tree "^1.0.1"
    ignore "^5.1.8"
    regexpp "^3.2.0"
    semver "^7.3.5"
    tsutils "^3.21.0"

"@typescript-eslint/parser@^5.13.0":
  version "5.13.0"
  resolved "https://registry.npmjs.org/@typescript-eslint/parser/-/parser-5.13.0.tgz"
  integrity sha512-GdrU4GvBE29tm2RqWOM0P5QfCtgCyN4hXICj/X9ibKED16136l9ZpoJvCL5pSKtmJzA+NRDzQ312wWMejCVVfg==
  dependencies:
    "@typescript-eslint/scope-manager" "5.13.0"
    "@typescript-eslint/types" "5.13.0"
    "@typescript-eslint/typescript-estree" "5.13.0"
    debug "^4.3.2"

"@typescript-eslint/scope-manager@5.13.0":
  version "5.13.0"
  resolved "https://registry.npmjs.org/@typescript-eslint/scope-manager/-/scope-manager-5.13.0.tgz"
  integrity sha512-T4N8UvKYDSfVYdmJq7g2IPJYCRzwtp74KyDZytkR4OL3NRupvswvmJQJ4CX5tDSurW2cvCc1Ia1qM7d0jpa7IA==
  dependencies:
    "@typescript-eslint/types" "5.13.0"
    "@typescript-eslint/visitor-keys" "5.13.0"

"@typescript-eslint/type-utils@5.13.0":
  version "5.13.0"
  resolved "https://registry.npmjs.org/@typescript-eslint/type-utils/-/type-utils-5.13.0.tgz"
  integrity sha512-/nz7qFizaBM1SuqAKb7GLkcNn2buRdDgZraXlkhz+vUGiN1NZ9LzkA595tHHeduAiS2MsHqMNhE2zNzGdw43Yg==
  dependencies:
    "@typescript-eslint/utils" "5.13.0"
    debug "^4.3.2"
    tsutils "^3.21.0"

"@typescript-eslint/types@5.13.0":
  version "5.13.0"
  resolved "https://registry.npmjs.org/@typescript-eslint/types/-/types-5.13.0.tgz"
  integrity sha512-LmE/KO6DUy0nFY/OoQU0XelnmDt+V8lPQhh8MOVa7Y5k2gGRd6U9Kp3wAjhB4OHg57tUO0nOnwYQhRRyEAyOyg==

"@typescript-eslint/typescript-estree@5.13.0":
  version "5.13.0"
  resolved "https://registry.npmjs.org/@typescript-eslint/typescript-estree/-/typescript-estree-5.13.0.tgz"
  integrity sha512-Q9cQow0DeLjnp5DuEDjLZ6JIkwGx3oYZe+BfcNuw/POhtpcxMTy18Icl6BJqTSd+3ftsrfuVb7mNHRZf7xiaNA==
  dependencies:
    "@typescript-eslint/types" "5.13.0"
    "@typescript-eslint/visitor-keys" "5.13.0"
    debug "^4.3.2"
    globby "^11.0.4"
    is-glob "^4.0.3"
    semver "^7.3.5"
    tsutils "^3.21.0"

"@typescript-eslint/utils@5.13.0":
  version "5.13.0"
  resolved "https://registry.npmjs.org/@typescript-eslint/utils/-/utils-5.13.0.tgz"
  integrity sha512-+9oHlPWYNl6AwwoEt5TQryEHwiKRVjz7Vk6kaBeD3/kwHE5YqTGHtm/JZY8Bo9ITOeKutFaXnBlMgSATMJALUQ==
  dependencies:
    "@types/json-schema" "^7.0.9"
    "@typescript-eslint/scope-manager" "5.13.0"
    "@typescript-eslint/types" "5.13.0"
    "@typescript-eslint/typescript-estree" "5.13.0"
    eslint-scope "^5.1.1"
    eslint-utils "^3.0.0"

"@typescript-eslint/visitor-keys@5.13.0":
  version "5.13.0"
  resolved "https://registry.npmjs.org/@typescript-eslint/visitor-keys/-/visitor-keys-5.13.0.tgz"
  integrity sha512-HLKEAS/qA1V7d9EzcpLFykTePmOQqOFim8oCvhY3pZgQ8Hi38hYpHd9e5GN6nQBFQNecNhws5wkS9Y5XIO0s/g==
  dependencies:
    "@typescript-eslint/types" "5.13.0"
    eslint-visitor-keys "^3.0.0"

acorn-jsx@^5.3.1:
  version "5.3.2"
  resolved "https://registry.npmjs.org/acorn-jsx/-/acorn-jsx-5.3.2.tgz"
  integrity sha512-rq9s+JNhf0IChjtDXxllJ7g41oZk5SlXtp0LHwyA5cejwn7vKmKp4pPri6YEePv2PU65sAsegbXtIinmDFDXgQ==

acorn@^8.7.0:
  version "8.7.0"
  resolved "https://registry.npmjs.org/acorn/-/acorn-8.7.0.tgz"
  integrity sha512-V/LGr1APy+PXIwKebEWrkZPwoeoF+w1jiOBUmuxuiUIaOHtob8Qc9BTrYo7VuI5fR8tqsy+buA2WFooR5olqvQ==

ajv@^6.10.0, ajv@^6.12.4:
  version "6.12.6"
  resolved "https://registry.npmjs.org/ajv/-/ajv-6.12.6.tgz"
  integrity sha512-j3fVLgvTo527anyYyJOGTYJbG+vnnQYvE0m5mmkc1TK+nxAppkCLMIL0aZ4dblVCNoGShhm+kzE4ZUykBoMg4g==
  dependencies:
    fast-deep-equal "^3.1.1"
    fast-json-stable-stringify "^2.0.0"
    json-schema-traverse "^0.4.1"
    uri-js "^4.2.2"

ansi-regex@^5.0.1:
  version "5.0.1"
  resolved "https://registry.npmjs.org/ansi-regex/-/ansi-regex-5.0.1.tgz"
  integrity sha512-quJQXlTSUGL2LH9SUXo8VwsY4soanhgo6LNSm84E1LBcE8s3O0wpdiRzyR9z/ZZJMlMWv37qOOb9pdJlMUEKFQ==

ansi-styles@^4.1.0:
  version "4.3.0"
  resolved "https://registry.npmjs.org/ansi-styles/-/ansi-styles-4.3.0.tgz"
  integrity sha512-zbB9rCJAT1rbjiVDb2hqKFHNYLxgtk8NURxZ3IZwD3F6NtxbXZQCnnSi1Lkx+IDohdPlFp222wVALIheZJQSEg==
  dependencies:
    color-convert "^2.0.1"

argparse@^2.0.1:
  version "2.0.1"
  resolved "https://registry.npmjs.org/argparse/-/argparse-2.0.1.tgz"
  integrity sha512-8+9WqebbFzpX9OR+Wa6O29asIogeRMzcGtAINdpMHHyAg10f05aSFVBbcEqGf/PXw1EjAZ+q2/bEBg3DvurK3Q==

array-union@^2.1.0:
  version "2.1.0"
  resolved "https://registry.npmjs.org/array-union/-/array-union-2.1.0.tgz"
  integrity sha512-HGyxoOTYUyCM6stUe6EJgnd4EoewAI7zMdfqO+kGjnlZmBDz/cR5pf8r/cR4Wq60sL/p0IkcjUEEPwS3GFrIyw==

balanced-match@^1.0.0:
  version "1.0.2"
  resolved "https://registry.npmjs.org/balanced-match/-/balanced-match-1.0.2.tgz"
  integrity sha512-3oSeUO0TMV67hN1AmbXsK4yaqU7tjiHlbxRDZOpH0KW9+CeX4bRAaX0Anxt0tx2MrpRpWwQaPwIlISEJhYU5Pw==

brace-expansion@^1.1.7:
  version "1.1.11"
  resolved "https://registry.npmjs.org/brace-expansion/-/brace-expansion-1.1.11.tgz"
  integrity sha512-iCuPHDFgrHX7H2vEI/5xpz07zSHB00TpugqhmYtVmMO6518mCuRMoOYFldEBl0g187ufozdaHgWKcYFb61qGiA==
  dependencies:
    balanced-match "^1.0.0"
    concat-map "0.0.1"

braces@^3.0.1:
  version "3.0.2"
  resolved "https://registry.npmjs.org/braces/-/braces-3.0.2.tgz"
  integrity sha512-b8um+L1RzM3WDSzvhm6gIz1yfTbBt6YTlcEKAvsmqCZZFw46z626lVj9j1yEPW33H5H+lBQpZMP1k8l+78Ha0A==
  dependencies:
    fill-range "^7.0.1"

callsites@^3.0.0:
  version "3.1.0"
  resolved "https://registry.npmjs.org/callsites/-/callsites-3.1.0.tgz"
  integrity sha512-P8BjAsXvZS+VIDUI11hHCQEv74YT67YUi5JJFNWIqL235sBmjX4+qx9Muvls5ivyNENctx46xQLQ3aTuE7ssaQ==

chalk@^4.0.0:
  version "4.1.2"
  resolved "https://registry.npmjs.org/chalk/-/chalk-4.1.2.tgz"
  integrity sha512-oKnbhFyRIXpUuez8iBMmyEa4nbj4IOQyuhc/wy9kY7/WVPcwIO9VA668Pu8RkO7+0G76SLROeyw9CpQ061i4mA==
  dependencies:
    ansi-styles "^4.1.0"
    supports-color "^7.1.0"

color-convert@^2.0.1:
  version "2.0.1"
  resolved "https://registry.npmjs.org/color-convert/-/color-convert-2.0.1.tgz"
  integrity sha512-RRECPsj7iu/xb5oKYcsFHSppFNnsj/52OVTRKb4zP5onXwVF3zVmmToNcOfGC+CRDpfK/U584fMg38ZHCaElKQ==
  dependencies:
    color-name "~1.1.4"

color-name@~1.1.4:
  version "1.1.4"
  resolved "https://registry.npmjs.org/color-name/-/color-name-1.1.4.tgz"
  integrity sha512-dOy+3AuW3a2wNbZHIuMZpTcgjGuLU/uBL/ubcZF9OXbDo8ff4O8yVp5Bf0efS8uEoYo5q4Fx7dY9OgQGXgAsQA==

concat-map@0.0.1:
  version "0.0.1"
  resolved "https://registry.npmjs.org/concat-map/-/concat-map-0.0.1.tgz"
  integrity sha1-2Klr13/Wjfd5OnMDajug1UBdR3s=

cross-spawn@^7.0.2:
  version "7.0.3"
  resolved "https://registry.npmjs.org/cross-spawn/-/cross-spawn-7.0.3.tgz"
  integrity sha512-iRDPJKUPVEND7dHPO8rkbOnPpyDygcDFtWjpeWNCgy8WP2rXcxXL8TskReQl6OrB2G7+UJrags1q15Fudc7G6w==
  dependencies:
    path-key "^3.1.0"
    shebang-command "^2.0.0"
    which "^2.0.1"

debug@^4.1.1, debug@^4.3.2:
  version "4.3.3"
  resolved "https://registry.npmjs.org/debug/-/debug-4.3.3.tgz"
  integrity sha512-/zxw5+vh1Tfv+4Qn7a5nsbcJKPaSvCDhojn6FEl9vupwK2VCSDtEiEtqr8DFtzYFOdz63LBkxec7DYuc2jon6Q==
  dependencies:
    ms "2.1.2"

deep-is@^0.1.3:
  version "0.1.4"
  resolved "https://registry.npmjs.org/deep-is/-/deep-is-0.1.4.tgz"
  integrity sha512-oIPzksmTg4/MriiaYGO+okXDT7ztn/w3Eptv/+gSIdMdKsJo0u4CfYNFJPy+4SKMuCqGw2wxnA+URMg3t8a/bQ==

dir-glob@^3.0.1:
  version "3.0.1"
  resolved "https://registry.npmjs.org/dir-glob/-/dir-glob-3.0.1.tgz"
  integrity sha512-WkrWp9GR4KXfKGYzOLmTuGVi1UWFfws377n9cc55/tb6DuqyF6pcQ5AbiHEshaDpY9v6oaSr2XCDidGmMwdzIA==
  dependencies:
    path-type "^4.0.0"

doctrine@^3.0.0:
  version "3.0.0"
  resolved "https://registry.npmjs.org/doctrine/-/doctrine-3.0.0.tgz"
  integrity sha512-yS+Q5i3hBf7GBkd4KG8a7eBNNWNGLTaEwwYWUijIYM7zrlYDM0BFXHjjPWlWZ1Rg7UaddZeIDmi9jF3HmqiQ2w==
  dependencies:
    esutils "^2.0.2"

earcut@^2.2.2:
  version "2.2.3"
  resolved "https://registry.yarnpkg.com/earcut/-/earcut-2.2.3.tgz#d44ced2ff5a18859568e327dd9c7d46b16f55cf4"
  integrity sha512-iRDI1QeCQIhMCZk48DRDMVgQSSBDmbzzNhnxIo+pwx3swkfjMh6vh0nWLq1NdvGHLKH6wIrAM3vQWeTj6qeoug==

escape-string-regexp@^4.0.0:
  version "4.0.0"
  resolved "https://registry.npmjs.org/escape-string-regexp/-/escape-string-regexp-4.0.0.tgz"
  integrity sha512-TtpcNJ3XAzx3Gq8sWRzJaVajRs0uVxA2YAkdb1jm2YkPz4G6egUFAyA3n5vtEIZefPk5Wa4UXbKuS5fKkJWdgA==

eslint-scope@^5.1.1:
  version "5.1.1"
  resolved "https://registry.npmjs.org/eslint-scope/-/eslint-scope-5.1.1.tgz"
  integrity sha512-2NxwbF/hZ0KpepYN0cNbo+FN6XoK7GaHlQhgx/hIZl6Va0bF45RQOOwhLIy8lQDbuCiadSLCBnH2CFYquit5bw==
  dependencies:
    esrecurse "^4.3.0"
    estraverse "^4.1.1"

eslint-scope@^7.1.1:
  version "7.1.1"
  resolved "https://registry.npmjs.org/eslint-scope/-/eslint-scope-7.1.1.tgz"
  integrity sha512-QKQM/UXpIiHcLqJ5AOyIW7XZmzjkzQXYE54n1++wb0u9V/abW3l9uQnxX8Z5Xd18xyKIMTUAyQ0k1e8pz6LUrw==
  dependencies:
    esrecurse "^4.3.0"
    estraverse "^5.2.0"

eslint-utils@^3.0.0:
  version "3.0.0"
  resolved "https://registry.npmjs.org/eslint-utils/-/eslint-utils-3.0.0.tgz"
  integrity sha512-uuQC43IGctw68pJA1RgbQS8/NP7rch6Cwd4j3ZBtgo4/8Flj4eGE7ZYSZRN3iq5pVUv6GPdW5Z1RFleo84uLDA==
  dependencies:
    eslint-visitor-keys "^2.0.0"

eslint-visitor-keys@^2.0.0:
  version "2.1.0"
  resolved "https://registry.npmjs.org/eslint-visitor-keys/-/eslint-visitor-keys-2.1.0.tgz"
  integrity sha512-0rSmRBzXgDzIsD6mGdJgevzgezI534Cer5L/vyMX0kHzT/jiB43jRhd9YUlMGYLQy2zprNmoT8qasCGtY+QaKw==

eslint-visitor-keys@^3.0.0, eslint-visitor-keys@^3.3.0:
  version "3.3.0"
  resolved "https://registry.npmjs.org/eslint-visitor-keys/-/eslint-visitor-keys-3.3.0.tgz"
  integrity sha512-mQ+suqKJVyeuwGYHAdjMFqjCyfl8+Ldnxuyp3ldiMBFKkvytrXUZWaiPCEav8qDHKty44bD+qV1IP4T+w+xXRA==

eslint@^8.10.0:
  version "8.10.0"
  resolved "https://registry.npmjs.org/eslint/-/eslint-8.10.0.tgz"
  integrity sha512-tcI1D9lfVec+R4LE1mNDnzoJ/f71Kl/9Cv4nG47jOueCMBrCCKYXr4AUVS7go6mWYGFD4+EoN6+eXSrEbRzXVw==
  dependencies:
    "@eslint/eslintrc" "^1.2.0"
    "@humanwhocodes/config-array" "^0.9.2"
    ajv "^6.10.0"
    chalk "^4.0.0"
    cross-spawn "^7.0.2"
    debug "^4.3.2"
    doctrine "^3.0.0"
    escape-string-regexp "^4.0.0"
    eslint-scope "^7.1.1"
    eslint-utils "^3.0.0"
    eslint-visitor-keys "^3.3.0"
    espree "^9.3.1"
    esquery "^1.4.0"
    esutils "^2.0.2"
    fast-deep-equal "^3.1.3"
    file-entry-cache "^6.0.1"
    functional-red-black-tree "^1.0.1"
    glob-parent "^6.0.1"
    globals "^13.6.0"
    ignore "^5.2.0"
    import-fresh "^3.0.0"
    imurmurhash "^0.1.4"
    is-glob "^4.0.0"
    js-yaml "^4.1.0"
    json-stable-stringify-without-jsonify "^1.0.1"
    levn "^0.4.1"
    lodash.merge "^4.6.2"
    minimatch "^3.0.4"
    natural-compare "^1.4.0"
    optionator "^0.9.1"
    regexpp "^3.2.0"
    strip-ansi "^6.0.1"
    strip-json-comments "^3.1.0"
    text-table "^0.2.0"
    v8-compile-cache "^2.0.3"

espree@^9.3.1:
  version "9.3.1"
  resolved "https://registry.npmjs.org/espree/-/espree-9.3.1.tgz"
  integrity sha512-bvdyLmJMfwkV3NCRl5ZhJf22zBFo1y8bYh3VYb+bfzqNB4Je68P2sSuXyuFquzWLebHpNd2/d5uv7yoP9ISnGQ==
  dependencies:
    acorn "^8.7.0"
    acorn-jsx "^5.3.1"
    eslint-visitor-keys "^3.3.0"

esquery@^1.4.0:
  version "1.4.0"
  resolved "https://registry.npmjs.org/esquery/-/esquery-1.4.0.tgz"
  integrity sha512-cCDispWt5vHHtwMY2YrAQ4ibFkAL8RbH5YGBnZBc90MolvvfkkQcJro/aZiAQUlQ3qgrYS6D6v8Gc5G5CQsc9w==
  dependencies:
    estraverse "^5.1.0"

esrecurse@^4.3.0:
  version "4.3.0"
  resolved "https://registry.npmjs.org/esrecurse/-/esrecurse-4.3.0.tgz"
  integrity sha512-KmfKL3b6G+RXvP8N1vr3Tq1kL/oCFgn2NYXEtqP8/L3pKapUA4G8cFVaoF3SU323CD4XypR/ffioHmkti6/Tag==
  dependencies:
    estraverse "^5.2.0"

estraverse@^4.1.1:
  version "4.3.0"
  resolved "https://registry.npmjs.org/estraverse/-/estraverse-4.3.0.tgz"
  integrity sha512-39nnKffWz8xN1BU/2c79n9nB9HDzo0niYUqx6xyqUnyoAnQyyWpOTdZEeiCch8BBu515t4wp9ZmgVfVhn9EBpw==

estraverse@^5.1.0, estraverse@^5.2.0:
  version "5.3.0"
  resolved "https://registry.npmjs.org/estraverse/-/estraverse-5.3.0.tgz"
  integrity sha512-MMdARuVEQziNTeJD8DgMqmhwR11BRQ/cBP+pLtYdSTnf3MIO8fFeiINEbX36ZdNlfU/7A9f3gUw49B3oQsvwBA==

esutils@^2.0.2:
  version "2.0.3"
  resolved "https://registry.npmjs.org/esutils/-/esutils-2.0.3.tgz"
  integrity sha512-kVscqXk4OCp68SZ0dkgEKVi6/8ij300KBWTJq32P/dYeWTSwK41WyTxalN1eRmA5Z9UU/LX9D7FWSmV9SAYx6g==

eventemitter3@^3.1.0:
  version "3.1.2"
  resolved "https://registry.yarnpkg.com/eventemitter3/-/eventemitter3-3.1.2.tgz#2d3d48f9c346698fce83a85d7d664e98535df6e7"
  integrity sha512-tvtQIeLVHjDkJYnzf2dgVMxfuSGJeM/7UCG17TT4EumTfNtF+0nebF/4zWOIkCreAbtNqhGEboB6BWrwqNaw4Q==

fast-deep-equal@^3.1.1, fast-deep-equal@^3.1.3:
  version "3.1.3"
  resolved "https://registry.npmjs.org/fast-deep-equal/-/fast-deep-equal-3.1.3.tgz"
  integrity sha512-f3qQ9oQy9j2AhBe/H9VC91wLmKBCCU/gDOnKNAYG5hswO7BLKj09Hc5HYNz9cGI++xlpDCIgDaitVs03ATR84Q==

fast-glob@^3.2.9:
  version "3.2.11"
  resolved "https://registry.npmjs.org/fast-glob/-/fast-glob-3.2.11.tgz"
  integrity sha512-xrO3+1bxSo3ZVHAnqzyuewYT6aMFHRAd4Kcs92MAonjwQZLsK9d0SF1IyQ3k5PoirxTW0Oe/RqFgMQ6TcNE5Ew==
  dependencies:
    "@nodelib/fs.stat" "^2.0.2"
    "@nodelib/fs.walk" "^1.2.3"
    glob-parent "^5.1.2"
    merge2 "^1.3.0"
    micromatch "^4.0.4"

fast-json-stable-stringify@^2.0.0:
  version "2.1.0"
  resolved "https://registry.npmjs.org/fast-json-stable-stringify/-/fast-json-stable-stringify-2.1.0.tgz"
  integrity sha512-lhd/wF+Lk98HZoTCtlVraHtfh5XYijIjalXck7saUtuanSDyLMxnHhSXEDJqHxD7msR8D0uCmqlkwjCV8xvwHw==

fast-levenshtein@^2.0.6:
  version "2.0.6"
  resolved "https://registry.npmjs.org/fast-levenshtein/-/fast-levenshtein-2.0.6.tgz"
  integrity sha1-PYpcZog6FqMMqGQ+hR8Zuqd5eRc=

fastq@^1.6.0:
  version "1.13.0"
  resolved "https://registry.npmjs.org/fastq/-/fastq-1.13.0.tgz"
  integrity sha512-YpkpUnK8od0o1hmeSc7UUs/eB/vIPWJYjKck2QKIzAf71Vm1AAQ3EbuZB3g2JIy+pg+ERD0vqI79KyZiB2e2Nw==
  dependencies:
    reusify "^1.0.4"

file-entry-cache@^6.0.1:
  version "6.0.1"
  resolved "https://registry.npmjs.org/file-entry-cache/-/file-entry-cache-6.0.1.tgz"
  integrity sha512-7Gps/XWymbLk2QLYK4NzpMOrYjMhdIxXuIvy2QBsLE6ljuodKvdkWs/cpyJJ3CVIVpH0Oi1Hvg1ovbMzLdFBBg==
  dependencies:
    flat-cache "^3.0.4"

fill-range@^7.0.1:
  version "7.0.1"
  resolved "https://registry.npmjs.org/fill-range/-/fill-range-7.0.1.tgz"
  integrity sha512-qOo9F+dMUmC2Lcb4BbVvnKJxTPjCm+RRpe4gDuGrzkL7mEVl/djYSu2OdQ2Pa302N4oqkSg9ir6jaLWJ2USVpQ==
  dependencies:
    to-regex-range "^5.0.1"

flat-cache@^3.0.4:
  version "3.0.4"
  resolved "https://registry.npmjs.org/flat-cache/-/flat-cache-3.0.4.tgz"
  integrity sha512-dm9s5Pw7Jc0GvMYbshN6zchCA9RgQlzzEZX3vylR9IqFfS8XciblUXOKfW6SiuJ0e13eDYZoZV5wdrev7P3Nwg==
  dependencies:
    flatted "^3.1.0"
    rimraf "^3.0.2"

flatted@^3.1.0:
  version "3.2.5"
  resolved "https://registry.npmjs.org/flatted/-/flatted-3.2.5.tgz"
  integrity sha512-WIWGi2L3DyTUvUrwRKgGi9TwxQMUEqPOPQBVi71R96jZXJdFskXEmf54BoZaS1kknGODoIGASGEzBUYdyMCBJg==

fs.realpath@^1.0.0:
  version "1.0.0"
  resolved "https://registry.npmjs.org/fs.realpath/-/fs.realpath-1.0.0.tgz"
  integrity sha1-FQStJSMVjKpA20onh8sBQRmU6k8=

functional-red-black-tree@^1.0.1:
  version "1.0.1"
  resolved "https://registry.npmjs.org/functional-red-black-tree/-/functional-red-black-tree-1.0.1.tgz"
  integrity sha1-GwqzvVU7Kg1jmdKcDj6gslIHgyc=

gifuct-js@^2.1.2:
  version "2.1.2"
  resolved "https://registry.yarnpkg.com/gifuct-js/-/gifuct-js-2.1.2.tgz#06152437ba30ec914db8398bd838bd0fbc8a6ecd"
  integrity sha512-rI2asw77u0mGgwhV3qA+OEgYqaDn5UNqgs+Bx0FGwSpuqfYn+Ir6RQY5ENNQ8SbIiG/m5gVa7CD5RriO4f4Lsg==
  dependencies:
    js-binary-schema-parser "^2.0.3"

glob-parent@^5.1.2:
  version "5.1.2"
  resolved "https://registry.npmjs.org/glob-parent/-/glob-parent-5.1.2.tgz"
  integrity sha512-AOIgSQCepiJYwP3ARnGx+5VnTu2HBYdzbGP45eLw1vr3zB3vZLeyed1sC9hnbcOc9/SrMyM5RPQrkGz4aS9Zow==
  dependencies:
    is-glob "^4.0.1"

glob-parent@^6.0.1:
  version "6.0.2"
  resolved "https://registry.npmjs.org/glob-parent/-/glob-parent-6.0.2.tgz"
  integrity sha512-XxwI8EOhVQgWp6iDL+3b0r86f4d6AX6zSU55HfB4ydCEuXLXc5FcYeOu+nnGftS4TEju/11rt4KJPTMgbfmv4A==
  dependencies:
    is-glob "^4.0.3"

glob@^7.1.3:
  version "7.2.0"
  resolved "https://registry.npmjs.org/glob/-/glob-7.2.0.tgz"
  integrity sha512-lmLf6gtyrPq8tTjSmrO94wBeQbFR3HbLHbuyD69wuyQkImp2hWqMGB47OX65FBkPffO641IP9jWa1z4ivqG26Q==
  dependencies:
    fs.realpath "^1.0.0"
    inflight "^1.0.4"
    inherits "2"
    minimatch "^3.0.4"
    once "^1.3.0"
    path-is-absolute "^1.0.0"

globals@^13.6.0, globals@^13.9.0:
  version "13.12.1"
  resolved "https://registry.npmjs.org/globals/-/globals-13.12.1.tgz"
  integrity sha512-317dFlgY2pdJZ9rspXDks7073GpDmXdfbM3vYYp0HAMKGDh1FfWPleI2ljVNLQX5M5lXcAslTcPTrOrMEFOjyw==
  dependencies:
    type-fest "^0.20.2"

globby@^11.0.4:
  version "11.1.0"
  resolved "https://registry.npmjs.org/globby/-/globby-11.1.0.tgz"
  integrity sha512-jhIXaOzy1sb8IyocaruWSn1TjmnBVs8Ayhcy83rmxNJ8q2uWKCAj3CnJY+KpGSXCueAPc0i05kVvVKtP1t9S3g==
  dependencies:
    array-union "^2.1.0"
    dir-glob "^3.0.1"
    fast-glob "^3.2.9"
    ignore "^5.2.0"
    merge2 "^1.4.1"
    slash "^3.0.0"

has-flag@^4.0.0:
  version "4.0.0"
  resolved "https://registry.npmjs.org/has-flag/-/has-flag-4.0.0.tgz"
  integrity sha512-EykJT/Q1KjTWctppgIAgfSO0tKVuZUjhgMr17kqTumMl6Afv3EISleU7qZUzoXDFTAHTDC4NOoG/ZxU3EvlMPQ==

ignore@^4.0.6:
  version "4.0.6"
  resolved "https://registry.npmjs.org/ignore/-/ignore-4.0.6.tgz"
  integrity sha512-cyFDKrqc/YdcWFniJhzI42+AzS+gNwmUzOSFcRCQYwySuBBBy/KjuxWLZ/FHEH6Moq1NizMOBWyTcv8O4OZIMg==

ignore@^5.1.8, ignore@^5.2.0:
  version "5.2.0"
  resolved "https://registry.npmjs.org/ignore/-/ignore-5.2.0.tgz"
  integrity sha512-CmxgYGiEPCLhfLnpPp1MoRmifwEIOgjcHXxOBjv7mY96c+eWScsOP9c112ZyLdWHi0FxHjI+4uVhKYp/gcdRmQ==

import-fresh@^3.0.0, import-fresh@^3.2.1:
  version "3.3.0"
  resolved "https://registry.npmjs.org/import-fresh/-/import-fresh-3.3.0.tgz"
  integrity sha512-veYYhQa+D1QBKznvhUHxb8faxlrwUnxseDAbAp457E0wLNio2bOSKnjYDhMj+YiAq61xrMGhQk9iXVk5FzgQMw==
  dependencies:
    parent-module "^1.0.0"
    resolve-from "^4.0.0"

imurmurhash@^0.1.4:
  version "0.1.4"
  resolved "https://registry.npmjs.org/imurmurhash/-/imurmurhash-0.1.4.tgz"
  integrity sha1-khi5srkoojixPcT7a21XbyMUU+o=

inflight@^1.0.4:
  version "1.0.6"
  resolved "https://registry.npmjs.org/inflight/-/inflight-1.0.6.tgz"
  integrity sha1-Sb1jMdfQLQwJvJEKEHW6gWW1bfk=
  dependencies:
    once "^1.3.0"
    wrappy "1"

inherits@2:
  version "2.0.4"
  resolved "https://registry.npmjs.org/inherits/-/inherits-2.0.4.tgz"
  integrity sha512-k/vGaX4/Yla3WzyMCvTQOXYeIHvqOKtnqBduzTHpzpQZzAskKMhZ2K+EnBiSM9zGSoIFeMpXKxa4dYeZIQqewQ==

is-extglob@^2.1.1:
  version "2.1.1"
  resolved "https://registry.npmjs.org/is-extglob/-/is-extglob-2.1.1.tgz"
  integrity sha1-qIwCU1eR8C7TfHahueqXc8gz+MI=

is-glob@^4.0.0, is-glob@^4.0.1, is-glob@^4.0.3:
  version "4.0.3"
  resolved "https://registry.npmjs.org/is-glob/-/is-glob-4.0.3.tgz"
  integrity sha512-xelSayHH36ZgE7ZWhli7pW34hNbNl8Ojv5KVmkJD4hBdD3th8Tfk9vYasLM+mXWOZhFkgZfxhLSnrwRr4elSSg==
  dependencies:
    is-extglob "^2.1.1"

is-number@^7.0.0:
  version "7.0.0"
  resolved "https://registry.npmjs.org/is-number/-/is-number-7.0.0.tgz"
  integrity sha512-41Cifkg6e8TylSpdtTpeLVMqvSBEVzTttHvERD741+pnZ8ANv0004MRL43QKPDlK9cGvNp6NZWZUBlbGXYxxng==

isexe@^2.0.0:
  version "2.0.0"
  resolved "https://registry.npmjs.org/isexe/-/isexe-2.0.0.tgz"
  integrity sha1-6PvzdNxVb/iUehDcsFctYz8s+hA=

ismobilejs@^1.1.0:
  version "1.1.1"
  resolved "https://registry.yarnpkg.com/ismobilejs/-/ismobilejs-1.1.1.tgz#c56ca0ae8e52b24ca0f22ba5ef3215a2ddbbaa0e"
  integrity sha512-VaFW53yt8QO61k2WJui0dHf4SlL8lxBofUuUmwBo0ljPk0Drz2TiuDW4jo3wDcv41qy/SxrJ+VAzJ/qYqsmzRw==

js-binary-schema-parser@^2.0.3:
  version "2.0.3"
  resolved "https://registry.yarnpkg.com/js-binary-schema-parser/-/js-binary-schema-parser-2.0.3.tgz#3d7848748e8586e63b34e8911b643f59cfb6396e"
  integrity sha512-xezGJmOb4lk/M1ZZLTR/jaBHQ4gG/lqQnJqdIv4721DMggsa1bDVlHXNeHYogaIEHD9vCRv0fcL4hMA+Coarkg==

js-yaml@^4.1.0:
  version "4.1.0"
  resolved "https://registry.npmjs.org/js-yaml/-/js-yaml-4.1.0.tgz"
  integrity sha512-wpxZs9NoxZaJESJGIZTyDEaYpl0FKSA+FB9aJiyemKhMwkxQg63h4T1KJgUGHpTqPDNRcmmYLugrRjJlBtWvRA==
  dependencies:
    argparse "^2.0.1"

json-schema-traverse@^0.4.1:
  version "0.4.1"
  resolved "https://registry.npmjs.org/json-schema-traverse/-/json-schema-traverse-0.4.1.tgz"
  integrity sha512-xbbCH5dCYU5T8LcEhhuh7HJ88HXuW3qsI3Y0zOZFKfZEHcpWiHU/Jxzk629Brsab/mMiHQti9wMP+845RPe3Vg==

json-stable-stringify-without-jsonify@^1.0.1:
  version "1.0.1"
  resolved "https://registry.npmjs.org/json-stable-stringify-without-jsonify/-/json-stable-stringify-without-jsonify-1.0.1.tgz"
  integrity sha1-nbe1lJatPzz+8wp1FC0tkwrXJlE=

levn@^0.4.1:
  version "0.4.1"
  resolved "https://registry.npmjs.org/levn/-/levn-0.4.1.tgz"
  integrity sha512-+bT2uH4E5LGE7h/n3evcS/sQlJXCpIp6ym8OWJ5eV6+67Dsql/LaaT7qJBAt2rzfoa/5QBGBhxDix1dMt2kQKQ==
  dependencies:
    prelude-ls "^1.2.1"
    type-check "~0.4.0"

lodash.merge@^4.6.2:
  version "4.6.2"
  resolved "https://registry.npmjs.org/lodash.merge/-/lodash.merge-4.6.2.tgz"
  integrity sha512-0KpjqXRVvrYyCsX1swR/XTK0va6VQkQM6MNo7PqW77ByjAhoARA8EfrP1N4+KlKj8YS0ZUCtRT/YUuhyYDujIQ==

lru-cache@^6.0.0:
  version "6.0.0"
  resolved "https://registry.npmjs.org/lru-cache/-/lru-cache-6.0.0.tgz"
  integrity sha512-Jo6dJ04CmSjuznwJSS3pUeWmd/H0ffTlkXXgwZi+eq1UCmqQwCh+eLsYOYCwY991i2Fah4h1BEMCx4qThGbsiA==
  dependencies:
    yallist "^4.0.0"

merge2@^1.3.0, merge2@^1.4.1:
  version "1.4.1"
  resolved "https://registry.npmjs.org/merge2/-/merge2-1.4.1.tgz"
  integrity sha512-8q7VEgMJW4J8tcfVPy8g09NcQwZdbwFEqhe/WZkoIzjn/3TGDwtOCYtXGxA3O8tPzpczCCDgv+P2P5y00ZJOOg==

micromatch@^4.0.4:
  version "4.0.4"
  resolved "https://registry.npmjs.org/micromatch/-/micromatch-4.0.4.tgz"
  integrity sha512-pRmzw/XUcwXGpD9aI9q/0XOwLNygjETJ8y0ao0wdqprrzDa4YnxLcz7fQRZr8voh8V10kGhABbNcHVk5wHgWwg==
  dependencies:
    braces "^3.0.1"
    picomatch "^2.2.3"

minimatch@^3.0.4:
  version "3.1.2"
  resolved "https://registry.npmjs.org/minimatch/-/minimatch-3.1.2.tgz"
  integrity sha512-J7p63hRiAjw1NDEww1W7i37+ByIrOWO5XQQAzZ3VOcL0PNybwpfmV/N05zFAzwQ9USyEcX6t3UO+K5aqBQOIHw==
  dependencies:
    brace-expansion "^1.1.7"

ms@2.1.2:
  version "2.1.2"
  resolved "https://registry.npmjs.org/ms/-/ms-2.1.2.tgz"
  integrity sha512-sGkPx+VjMtmA6MX27oA4FBFELFCZZ4S4XqeGOXCv68tT+jb3vk/RyaKWP0PTKyWtmLSM0b+adUTEvbs1PEaH2w==

natural-compare@^1.4.0:
  version "1.4.0"
  resolved "https://registry.npmjs.org/natural-compare/-/natural-compare-1.4.0.tgz"
  integrity sha1-Sr6/7tdUHywnrPspvbvRXI1bpPc=

object-assign@^4.1.1:
  version "4.1.1"
  resolved "https://registry.yarnpkg.com/object-assign/-/object-assign-4.1.1.tgz#2109adc7965887cfc05cbbd442cac8bfbb360863"
  integrity sha1-IQmtx5ZYh8/AXLvUQsrIv7s2CGM=

once@^1.3.0:
  version "1.4.0"
  resolved "https://registry.npmjs.org/once/-/once-1.4.0.tgz"
  integrity sha1-WDsap3WWHUsROsF9nFC6753Xa9E=
  dependencies:
    wrappy "1"

optionator@^0.9.1:
  version "0.9.1"
  resolved "https://registry.npmjs.org/optionator/-/optionator-0.9.1.tgz"
  integrity sha512-74RlY5FCnhq4jRxVUPKDaRwrVNXMqsGsiW6AJw4XK8hmtm10wC0ypZBLw5IIp85NZMr91+qd1RvvENwg7jjRFw==
  dependencies:
    deep-is "^0.1.3"
    fast-levenshtein "^2.0.6"
    levn "^0.4.1"
    prelude-ls "^1.2.1"
    type-check "^0.4.0"
    word-wrap "^1.2.3"

pako@^2.0.4:
  version "2.0.4"
  resolved "https://registry.npmjs.org/pako/-/pako-2.0.4.tgz"
  integrity sha512-v8tweI900AUkZN6heMU/4Uy4cXRc2AYNRggVmTR+dEncawDJgCdLMximOVA2p4qO57WMynangsfGRb5WD6L1Bg==

parent-module@^1.0.0:
  version "1.0.1"
  resolved "https://registry.npmjs.org/parent-module/-/parent-module-1.0.1.tgz"
  integrity sha512-GQ2EWRpQV8/o+Aw8YqtfZZPfNRWZYkbidE9k5rpl/hC3vtHHBfGm2Ifi6qWV+coDGkrUKZAxE3Lot5kcsRlh+g==
  dependencies:
    callsites "^3.0.0"

path-is-absolute@^1.0.0:
  version "1.0.1"
  resolved "https://registry.npmjs.org/path-is-absolute/-/path-is-absolute-1.0.1.tgz"
  integrity sha1-F0uSaHNVNP+8es5r9TpanhtcX18=

path-key@^3.1.0:
  version "3.1.1"
  resolved "https://registry.npmjs.org/path-key/-/path-key-3.1.1.tgz"
  integrity sha512-ojmeN0qd+y0jszEtoY48r0Peq5dwMEkIlCOu6Q5f41lfkswXuKtYrhgoTpLnyIcHm24Uhqx+5Tqm2InSwLhE6Q==

path-type@^4.0.0:
  version "4.0.0"
  resolved "https://registry.npmjs.org/path-type/-/path-type-4.0.0.tgz"
  integrity sha512-gDKb8aZMDeD/tZWs9P6+q0J9Mwkdl6xMV8TjnGP3qJVJ06bdMgkbBlLU8IdfOsIsFz2BW1rNVT3XuNEl8zPAvw==

picomatch@^2.2.3:
  version "2.3.1"
  resolved "https://registry.npmjs.org/picomatch/-/picomatch-2.3.1.tgz"
  integrity sha512-JU3teHTNjmE2VCGFzuY8EXzCDVwEqB2a8fsIvwaStHhAWJEeVd1o1QD80CU6+ZdEXXSLbSsuLwJjkCBWqRQUVA==

prelude-ls@^1.2.1:
  version "1.2.1"
  resolved "https://registry.npmjs.org/prelude-ls/-/prelude-ls-1.2.1.tgz"
  integrity sha512-vkcDPrRZo1QZLbn5RLGPpg/WmIQ65qoWWhcGKf/b5eplkkarX0m9z8ppCat4mlOqUsWpyNuYgO3VRyrYHSzX5g==

promise-polyfill@^8.2.0:
  version "8.2.3"
  resolved "https://registry.yarnpkg.com/promise-polyfill/-/promise-polyfill-8.2.3.tgz#2edc7e4b81aff781c88a0d577e5fe9da822107c6"
  integrity sha512-Og0+jCRQetV84U8wVjMNccfGCnMQ9mGs9Hv78QFe+pSDD3gWTpz0y+1QCuxy5d/vBFuZ3iwP2eycAkvqIMPmWg==

punycode@1.3.2:
  version "1.3.2"
  resolved "https://registry.yarnpkg.com/punycode/-/punycode-1.3.2.tgz#9653a036fb7c1ee42342f2325cceefea3926c48d"
  integrity sha1-llOgNvt8HuQjQvIyXM7v6jkmxI0=

punycode@^2.1.0:
  version "2.1.1"
  resolved "https://registry.npmjs.org/punycode/-/punycode-2.1.1.tgz"
  integrity sha512-XRsRjdf+j5ml+y/6GKHPZbrF/8p2Yga0JPtdqTIY2Xe5ohJPD9saDJJLPvp9+NSBprVvevdXZybnj2cv8OEd0A==

querystring@0.2.0:
  version "0.2.0"
  resolved "https://registry.yarnpkg.com/querystring/-/querystring-0.2.0.tgz#b209849203bb25df820da756e747005878521620"
  integrity sha1-sgmEkgO7Jd+CDadW50cAWHhSFiA=

queue-microtask@^1.2.2:
  version "1.2.3"
  resolved "https://registry.npmjs.org/queue-microtask/-/queue-microtask-1.2.3.tgz"
  integrity sha512-NuaNSa6flKT5JaSYQzJok04JzTL1CA6aGhv5rfLW3PgqA+M2ChpZQnAC8h8i4ZFkBS8X5RqkDBHA7r4hej3K9A==

regexpp@^3.2.0:
  version "3.2.0"
  resolved "https://registry.npmjs.org/regexpp/-/regexpp-3.2.0.tgz"
  integrity sha512-pq2bWo9mVD43nbts2wGv17XLiNLya+GklZ8kaDLV2Z08gDCsGpnKn9BFMepvWuHCbyVvY7J5o5+BVvoQbmlJLg==

resolve-from@^4.0.0:
  version "4.0.0"
  resolved "https://registry.npmjs.org/resolve-from/-/resolve-from-4.0.0.tgz"
  integrity sha512-pb/MYmXstAkysRFx8piNI1tGFNQIFA3vkE3Gq4EuA1dF6gHp/+vgZqsCGJapvy8N3Q+4o7FwvquPJcnZ7RYy4g==

reusify@^1.0.4:
  version "1.0.4"
  resolved "https://registry.npmjs.org/reusify/-/reusify-1.0.4.tgz"
  integrity sha512-U9nH88a3fc/ekCF1l0/UP1IosiuIjyTh7hBvXVMHYgVcfGvt897Xguj2UOLDeI5BG2m7/uwyaLVT6fbtCwTyzw==

rimraf@^3.0.2:
  version "3.0.2"
  resolved "https://registry.npmjs.org/rimraf/-/rimraf-3.0.2.tgz"
  integrity sha512-JZkJMZkAGFFPP2YqXZXPbMlMBgsxzE8ILs4lMIX/2o0L9UBw9O/Y3o6wFw/i9YLapcUJWwqbi3kdxIPdC62TIA==
  dependencies:
    glob "^7.1.3"

run-parallel@^1.1.9:
  version "1.2.0"
  resolved "https://registry.npmjs.org/run-parallel/-/run-parallel-1.2.0.tgz"
  integrity sha512-5l4VyZR86LZ/lDxZTR6jqL8AFE2S0IFLMP26AbjsLVADxHdhB/c0GUsH+y39UfCi3dzz8OlQuPmnaJOMoDHQBA==
  dependencies:
    queue-microtask "^1.2.2"

semver@^7.3.5:
  version "7.3.5"
  resolved "https://registry.npmjs.org/semver/-/semver-7.3.5.tgz"
  integrity sha512-PoeGJYh8HK4BTO/a9Tf6ZG3veo/A7ZVsYrSA6J8ny9nb3B1VrpkuN+z9OE5wfE5p6H4LchYZsegiQgbJD94ZFQ==
  dependencies:
    lru-cache "^6.0.0"

shebang-command@^2.0.0:
  version "2.0.0"
  resolved "https://registry.npmjs.org/shebang-command/-/shebang-command-2.0.0.tgz"
  integrity sha512-kHxr2zZpYtdmrN1qDjrrX/Z1rR1kG8Dx+gkpK1G4eXmvXswmcE1hTWBWYUzlraYw1/yZp6YuDY77YtvbN0dmDA==
  dependencies:
    shebang-regex "^3.0.0"

shebang-regex@^3.0.0:
  version "3.0.0"
  resolved "https://registry.npmjs.org/shebang-regex/-/shebang-regex-3.0.0.tgz"
  integrity sha512-7++dFhtcx3353uBaq8DDR4NuxBetBzC7ZQOhmTQInHEd6bSrXdiEyzCvG07Z44UYdLShWUyXt5M/yhz8ekcb1A==

slash@^3.0.0:
  version "3.0.0"
  resolved "https://registry.npmjs.org/slash/-/slash-3.0.0.tgz"
  integrity sha512-g9Q1haeby36OSStwb4ntCGGGaKsaVSjQ68fBxoQcutl5fS1vuY18H3wSt3jFyFtrkx+Kz0V1G85A4MyAdDMi2Q==

strip-ansi@^6.0.1:
  version "6.0.1"
  resolved "https://registry.npmjs.org/strip-ansi/-/strip-ansi-6.0.1.tgz"
  integrity sha512-Y38VPSHcqkFrCpFnQ9vuSXmquuv5oXOKpGeT6aGrr3o3Gc9AlVa6JBfUSOCnbxGGZF+/0ooI7KrPuUSztUdU5A==
  dependencies:
    ansi-regex "^5.0.1"

strip-json-comments@^3.1.0, strip-json-comments@^3.1.1:
  version "3.1.1"
  resolved "https://registry.npmjs.org/strip-json-comments/-/strip-json-comments-3.1.1.tgz"
  integrity sha512-6fPc+R4ihwqP6N/aIv2f1gMH8lOVtWQHoqC4yK6oSDVVocumAsfCqjkXnqiYMhmMwS/mEHLp7Vehlt3ql6lEig==

supports-color@^7.1.0:
  version "7.2.0"
  resolved "https://registry.npmjs.org/supports-color/-/supports-color-7.2.0.tgz"
  integrity sha512-qpCAvRl9stuOHveKsn7HncJRvv501qIacKzQlO/+Lwxc9+0q2wLyv4Dfvt80/DPn2pqOBsJdDiogXGR9+OvwRw==
  dependencies:
    has-flag "^4.0.0"

text-table@^0.2.0:
  version "0.2.0"
  resolved "https://registry.npmjs.org/text-table/-/text-table-0.2.0.tgz"
  integrity sha1-f17oI66AUgfACvLfSoTsP8+lcLQ=

to-regex-range@^5.0.1:
  version "5.0.1"
  resolved "https://registry.npmjs.org/to-regex-range/-/to-regex-range-5.0.1.tgz"
  integrity sha512-65P7iz6X5yEr1cwcgvQxbbIw7Uk3gOy5dIdtZ4rDveLqhrdJP+Li/Hx6tyK0NEb+2GCyneCMJiGqrADCSNk8sQ==
  dependencies:
    is-number "^7.0.0"

tslib@^1.8.1:
  version "1.14.1"
  resolved "https://registry.npmjs.org/tslib/-/tslib-1.14.1.tgz"
  integrity sha512-Xni35NKzjgMrwevysHTCArtLDpPvye8zV/0E4EyYn43P7/7qvQwPh9BGkHewbMulVntbigmcT7rdX3BNo9wRJg==

tslib@^2.3.1:
  version "2.3.1"
  resolved "https://registry.npmjs.org/tslib/-/tslib-2.3.1.tgz"
  integrity sha512-77EbyPPpMz+FRFRuAFlWMtmgUWGe9UOG2Z25NqCwiIjRhOf5iKGuzSe5P2w1laq+FkRy4p+PCuVkJSGkzTEKVw==

tsutils@^3.21.0:
  version "3.21.0"
  resolved "https://registry.npmjs.org/tsutils/-/tsutils-3.21.0.tgz"
  integrity sha512-mHKK3iUXL+3UF6xL5k0PEhKRUBKPBCv/+RkEOpjRWxxx27KKRBmmA60A9pgOUvMi8GKhRMPEmjBRPzs2W7O1OA==
  dependencies:
    tslib "^1.8.1"

type-check@^0.4.0, type-check@~0.4.0:
  version "0.4.0"
  resolved "https://registry.npmjs.org/type-check/-/type-check-0.4.0.tgz"
  integrity sha512-XleUoc9uwGXqjWwXaUTZAmzMcFZ5858QA2vvx1Ur5xIcixXIP+8LnFDgRplU30us6teqdlskFfu+ae4K79Ooew==
  dependencies:
    prelude-ls "^1.2.1"

type-fest@^0.20.2:
  version "0.20.2"
  resolved "https://registry.npmjs.org/type-fest/-/type-fest-0.20.2.tgz"
  integrity sha512-Ne+eE4r0/iWnpAxD852z3A+N0Bt5RN//NjJwRd2VFHEmrywxf5vsZlh4R6lixl6B+wz/8d+maTSAkN1FIkI3LQ==

typescript@~4.4.4:
  version "4.4.4"
  resolved "https://registry.npmjs.org/typescript/-/typescript-4.4.4.tgz"
  integrity sha512-DqGhF5IKoBl8WNf8C1gu8q0xZSInh9j1kJJMqT3a94w1JzVaBU4EXOSMrz9yDqMT0xt3selp83fuFMQ0uzv6qA==

uri-js@^4.2.2:
  version "4.4.1"
  resolved "https://registry.npmjs.org/uri-js/-/uri-js-4.4.1.tgz"
  integrity sha512-7rKUyy33Q1yc98pQ1DAmLtwX109F7TIfWlW1Ydo8Wl1ii1SeHieeh0HHfPeL2fMXK6z0s8ecKs9frCuLJvndBg==
  dependencies:
    punycode "^2.1.0"

url@^0.11.0:
  version "0.11.0"
  resolved "https://registry.yarnpkg.com/url/-/url-0.11.0.tgz#3838e97cfc60521eb73c525a8e55bfdd9e2e28f1"
  integrity sha1-ODjpfPxgUh63PFJajlW/3Z4uKPE=
  dependencies:
    punycode "1.3.2"
    querystring "0.2.0"

v8-compile-cache@^2.0.3:
  version "2.3.0"
  resolved "https://registry.npmjs.org/v8-compile-cache/-/v8-compile-cache-2.3.0.tgz"
  integrity sha512-l8lCEmLcLYZh4nbunNZvQCJc5pv7+RCwa8q/LdUx8u7lsWvPDKmpodJAJNwkAhJC//dFY48KuIEmjtd4RViDrA==

which@^2.0.1:
  version "2.0.2"
  resolved "https://registry.npmjs.org/which/-/which-2.0.2.tgz"
  integrity sha512-BLI3Tl1TW3Pvl70l3yq3Y64i+awpwXqsGBYWkkqMtnbXgrMD+yj7rhW0kuEDxzJaYXGjEW5ogapKNMEKNMjibA==
  dependencies:
    isexe "^2.0.0"

word-wrap@^1.2.3:
  version "1.2.3"
  resolved "https://registry.npmjs.org/word-wrap/-/word-wrap-1.2.3.tgz"
  integrity sha512-Hz/mrNwitNRh/HUAtM/VT/5VH+ygD6DV7mYKZAtHOrbs8U7lvPS6xf7EJKMF0uW1KJCl0H701g3ZGus+muE5vQ==

wrappy@1:
  version "1.0.2"
  resolved "https://registry.npmjs.org/wrappy/-/wrappy-1.0.2.tgz"
  integrity sha1-tSQ9jz7BqjXxNkYFvA0QNuMKtp8=

yallist@^4.0.0:
  version "4.0.0"
  resolved "https://registry.npmjs.org/yallist/-/yallist-4.0.0.tgz"
  integrity sha512-3wdGidZyq5PB084XLES5TpOSRA3wjXAlIWMhum2kRcv/41Sn2emQ0dycQW4uZXLejwKvg6EsvbdlVL+FYEct7A==
